
Microsoft Visual Studio Solution File, Format Version 12.00
# Visual Studio Version 17
VisualStudioVersion = 17.11.35208.52
MinimumVisualStudioVersion = 10.0.40219.1
Project("{9A19103F-16F7-4668-BE54-9A1E7A4F7556}") = "send-messages-via-mqtt", "send-messages-via-mqtt.csproj", "{DA96CE03-212A-447C-939B-5DB26FAE0A2B}"
EndProject
Global
	GlobalSection(SolutionConfigurationPlatforms) = preSolution
		Debug|Any CPU = Debug|Any CPU
		Release|Any CPU = Release|Any CPU
	EndGlobalSection
	GlobalSection(ProjectConfigurationPlatforms) = postSolution
		{DA96CE03-212A-447C-939B-5DB26FAE0A2B}.Debug|Any CPU.ActiveCfg = Debug|Any CPU
		{DA96CE03-212A-447C-939B-5DB26FAE0A2B}.Debug|Any CPU.Build.0 = Debug|Any CPU
		{DA96CE03-212A-447C-939B-5DB26FAE0A2B}.Release|Any CPU.ActiveCfg = Release|Any CPU
		{DA96CE03-212A-447C-939B-5DB26FAE0A2B}.Release|Any CPU.Build.0 = Release|Any CPU
	EndGlobalSection
	GlobalSection(SolutionProperties) = preSolution
		HideSolutionNode = FALSE
	EndGlobalSection
	GlobalSection(ExtensibilityGlobals) = postSolution
		SolutionGuid = {CFFA7EC4-5EAB-474F-90D5-8F373C7DE261}
	EndGlobalSection
EndGlobal
